
Microsoft Visual Studio Solution File, Format Version 12.00
# Visual Studio Version 17
VisualStudioVersion = 17.3.32922.545
MinimumVisualStudioVersion = 10.0.40219.1
Project("{FAE04EC0-301F-11D3-BF4B-00C04F79EFBC}") = "PomodoroTimer", "PomodoroTimer.csproj", "{30B594A3-38AF-4BEB-AE0D-B5D0615DB30F}"
EndProject
Global
	GlobalSection(SolutionConfigurationPlatforms) = preSolution
		Debug|Any CPU = Debug|Any CPU
		Release|Any CPU = Release|Any CPU
	EndGlobalSection
	GlobalSection(ProjectConfigurationPlatforms) = postSolution
		{30B594A3-38AF-4BEB-AE0D-B5D0615DB30F}.Debug|Any CPU.ActiveCfg = Debug|Any CPU
		{30B594A3-38AF-4BEB-AE0D-B5D0615DB30F}.Debug|Any CPU.Build.0 = Debug|Any CPU
		{30B594A3-38AF-4BEB-AE0D-B5D0615DB30F}.Release|Any CPU.ActiveCfg = Release|Any CPU
		{30B594A3-38AF-4BEB-AE0D-B5D0615DB30F}.Release|Any CPU.Build.0 = Release|Any CPU
	EndGlobalSection
	GlobalSection(SolutionProperties) = preSolution
		HideSolutionNode = FALSE
	EndGlobalSection
	GlobalSection(ExtensibilityGlobals) = postSolution
		SolutionGuid = {BD38AC15-1DF8-40F0-8CDF-C5410EE5F193}
	EndGlobalSection
EndGlobal
